{
  "name": "@sotyn/worker-agent",
  "version": "0.2.0",
  "lockfileVersion": 3,
  "requires": true,
  "packages": {
    "": {
      "name": "@sotyn/worker-agent",
      "version": "0.2.0",
      "dependencies": {
        "business-erp": "file:../..",
        "ws": "^8.18.0"
      }
    },
    "../..": {
      "version": "1.0.0",
      "hasInstallScript": true,
      "dependencies": {
        "@anthropic-ai/sdk": "^0.40.1",
        "@sentry/node": "^8.45.0",
        "archiver": "^5.3.2",
        "bcryptjs": "^2.4.3",
        "better-sqlite3": "^11.0.0",
        "compression": "^1.7.4",
        "concurrently": "^8.2.2",
        "cors": "^2.8.5",
        "dotenv": "^16.4.5",
        "exceljs": "^4.4.0",
        "express": "^4.19.2",
        "jsonwebtoken": "^9.0.2",
        "mammoth": "^1.12.0",
        "multer": "^1.4.5-lts.1",
        "nodemailer": "^8.0.7",
        "pdf-parse": "^1.1.4",
        "socket.io": "^4.8.3",
        "twilio": "^6.0.2",
        "web-push": "^3.6.7",
        "xlsx": "^0.18.5"
      },
      "engines": {
        "node": ">=18.0.0"
      }
    },
    "node_modules/business-erp": {
      "resolved": "../..",
      "link": true
    },
    "node_modules/ws": {
      "version": "8.21.3",
      "resolved": "https://registry.npmjs.org/ws/-/ws-8.21.3.tgz",
      "integrity": "sha512-201TZ/kPWxoPr/OKWjquZR1SWKXcvxdH+e1xrx89b3YbmzLMFCLfnaG1HFIgWzJOEWZ7MvpK++odZufgYR50Rw==",
      "engines": {
        "node": ">=10.0.0"
      },
      "peerDependencies": {
        "bufferutil": "^4.0.1",
        "utf-8-validate": ">=5.0.2"
      },
      "peerDependenciesMeta": {
        "bufferutil": {
          "optional": true
        },
        "utf-8-validate": {
          "optional": true
        }
      }
    }
  }
}
